
Microsoft Visual Studio Solution File, Format Version 12.00
# Visual Studio Version 17
VisualStudioVersion = 17.3.32929.385
MinimumVisualStudioVersion = 10.0.40219.1
Project("{FAE04EC0-301F-11D3-BF4B-00C04F79EFBC}") = "HW.1", "HW.1\HW.1.csproj", "{2949501F-743E-495C-8791-C64B0150617A}"
EndProject
Global
	GlobalSection(SolutionConfigurationPlatforms) = preSolution
		Debug|Any CPU = Debug|Any CPU
		Release|Any CPU = Release|Any CPU
	EndGlobalSection
	GlobalSection(ProjectConfigurationPlatforms) = postSolution
		{2949501F-743E-495C-8791-C64B0150617A}.Debug|Any CPU.ActiveCfg = Debug|Any CPU
		{2949501F-743E-495C-8791-C64B0150617A}.Debug|Any CPU.Build.0 = Debug|Any CPU
		{2949501F-743E-495C-8791-C64B0150617A}.Release|Any CPU.ActiveCfg = Release|Any CPU
		{2949501F-743E-495C-8791-C64B0150617A}.Release|Any CPU.Build.0 = Release|Any CPU
	EndGlobalSection
	GlobalSection(SolutionProperties) = preSolution
		HideSolutionNode = FALSE
	EndGlobalSection
	GlobalSection(ExtensibilityGlobals) = postSolution
		SolutionGuid = {38B9FE74-2C7E-42A5-862D-9DE4C6E11320}
	EndGlobalSection
EndGlobal
