
Microsoft Visual Studio Solution File, Format Version 12.00
# Visual Studio Version 17
VisualStudioVersion = 17.3.32929.385
MinimumVisualStudioVersion = 10.0.40219.1
Project("{FAE04EC0-301F-11D3-BF4B-00C04F79EFBC}") = "proj", "proj\proj.csproj", "{38ACFE1C-3685-4DA6-92AF-F9103E306C6B}"
EndProject
Global
	GlobalSection(SolutionConfigurationPlatforms) = preSolution
		Debug|Any CPU = Debug|Any CPU
		Release|Any CPU = Release|Any CPU
	EndGlobalSection
	GlobalSection(ProjectConfigurationPlatforms) = postSolution
		{38ACFE1C-3685-4DA6-92AF-F9103E306C6B}.Debug|Any CPU.ActiveCfg = Debug|Any CPU
		{38ACFE1C-3685-4DA6-92AF-F9103E306C6B}.Debug|Any CPU.Build.0 = Debug|Any CPU
		{38ACFE1C-3685-4DA6-92AF-F9103E306C6B}.Release|Any CPU.ActiveCfg = Release|Any CPU
		{38ACFE1C-3685-4DA6-92AF-F9103E306C6B}.Release|Any CPU.Build.0 = Release|Any CPU
	EndGlobalSection
	GlobalSection(SolutionProperties) = preSolution
		HideSolutionNode = FALSE
	EndGlobalSection
	GlobalSection(ExtensibilityGlobals) = postSolution
		SolutionGuid = {CE1CFE1F-D3B7-4651-BBB8-C941CAA1A9E7}
	EndGlobalSection
EndGlobal
